[[package]]
name = "neo4j"
version = "5.3.0"
description = "Neo4j Bolt driver for Python"
category = "main"
optional = false
python-versions = ">=3.7"

[package.dependencies]
pytz = "*"

[package.extras]
pandas = ["pandas (>=1.0.0)"]

[[package]]
name = "python-dotenv"
version = "0.21.0"
description = "Read key-value pairs from a .env file and set them as environment variables"
category = "main"
optional = false
python-versions = ">=3.7"

[package.extras]
cli = ["click (>=5.0)"]

[[package]]
name = "pytz"
version = "2022.6"
description = "World timezone definitions, modern and historical"
category = "main"
optional = false
python-versions = "*"

[metadata]
lock-version = "1.1"
python-versions = "^3.10"
content-hash = "7770ce0810b9490099ae105ad782f3235c5714af4dff78d7766f2616b38000b7"

[metadata.files]
neo4j = [
    {file = "neo4j-5.3.0.tar.gz", hash = "sha256:0c1c7d8812eed60da0a442d1e0f35edbda248255703e506a081cb70e083b3b5c"},
]
python-dotenv = [
    {file = "python-dotenv-0.21.0.tar.gz", hash = "sha256:b77d08274639e3d34145dfa6c7008e66df0f04b7be7a75fd0d5292c191d79045"},
    {file = "python_dotenv-0.21.0-py3-none-any.whl", hash = "sha256:1684eb44636dd462b66c3ee016599815514527ad99965de77f43e0944634a7e5"},
]
pytz = [
    {file = "pytz-2022.6-py2.py3-none-any.whl", hash = "sha256:222439474e9c98fced559f1709d89e6c9cbf8d79c794ff3eb9f8800064291427"},
    {file = "pytz-2022.6.tar.gz", hash = "sha256:e89512406b793ca39f5971bc999cc538ce125c0e51c27941bef4568b460095e2"},
]
